{
  "name": "stream-chat-angular",
  "version": "0.0.1",
  "lockfileVersion": 1,
  "requires": true,
  "dependencies": {
    "@types/lodash": {
      "version": "4.14.168",
      "resolved": "https://registry.npmjs.org/@types/lodash/-/lodash-4.14.168.tgz",
      "integrity": "sha512-oVfRvqHV/V6D1yifJbVRU3TMp8OT6o6BG+U9MkwuJ3U8/CsDHvalRpsxBqivn71ztOFZBTfJMvETbqHiaNSj7Q=="
    },
    "@types/lodash.uniqby": {
      "version": "4.7.6",
      "resolved": "https://registry.npmjs.org/@types/lodash.uniqby/-/lodash.uniqby-4.7.6.tgz",
      "integrity": "sha512-9wBhrm1y6asW50Joj6tsySCNUgzK2tCqL7vtKIej0E9RyeBFdcte7fxUosmFuMoOU0eHqOMK76kCCrK99jxHgg==",
      "requires": {
        "@types/lodash": "*"
      }
    },
    "angular-mentions": {
      "version": "1.3.0",
      "resolved": "https://registry.npmjs.org/angular-mentions/-/angular-mentions-1.3.0.tgz",
      "integrity": "sha512-Pqgv/koPtTAFmnPxI5dVDkjDkNPxlMvpyndN5G6cui636Ybv/NB9sMkK9XnoeI4GKmUgE2QiRr8DYIlG7KOt/w==",
      "requires": {
        "tslib": "^2.0.0"
      },
      "dependencies": {
        "tslib": {
          "version": "2.2.0",
          "resolved": "https://registry.npmjs.org/tslib/-/tslib-2.2.0.tgz",
          "integrity": "sha512-gS9GVHRU+RGn5KQM2rllAlR3dU6m7AcpJKdtH8gFvQiC4Otgk98XnmMU+nZenHt/+VhnBPWwgrJsyrdcw6i23w=="
        }
      }
    },
    "lodash.uniqby": {
      "version": "4.7.0",
      "resolved": "https://registry.npmjs.org/lodash.uniqby/-/lodash.uniqby-4.7.0.tgz",
      "integrity": "sha1-2ZwHpmnp5tJOE2Lf4mbGdhavEwI="
    }
  }
}
